
Microsoft Visual Studio Solution File, Format Version 12.00
# Visual Studio 2013
VisualStudioVersion = 12.0.21005.1
MinimumVisualStudioVersion = 10.0.40219.1
Project("{FAE04EC0-301F-11D3-BF4B-00C04F79EFBC}") = "RecipeRepo.Api", "RecipeRepo.Api\RecipeRepo.Api.csproj", "{48F7B718-17F0-4BAB-9357-1B3C0B75DC08}"
EndProject
Project("{2150E333-8FDC-42A3-9474-1A3956D46DE8}") = ".nuget", ".nuget", "{F91D77FD-D533-41A9-B074-29E6C075B80E}"
	ProjectSection(SolutionItems) = preProject
		.nuget\NuGet.Config = .nuget\NuGet.Config
		.nuget\NuGet.exe = .nuget\NuGet.exe
		.nuget\NuGet.targets = .nuget\NuGet.targets
	EndProjectSection
EndProject
Project("{FAE04EC0-301F-11D3-BF4B-00C04F79EFBC}") = "RecipeRepo.Integrations", "RecipeRepo.Integrations\RecipeRepo.Integrations.csproj", "{7D3C676E-E11C-45C4-9680-A57141F935DC}"
EndProject
Project("{FAE04EC0-301F-11D3-BF4B-00C04F79EFBC}") = "RecipeRepo.Api.Tests", "RecipeRepo.Api.Tests\RecipeRepo.Api.Tests.csproj", "{34A0B510-A613-418F-8A3E-9FD96C85844A}"
EndProject
Project("{FAE04EC0-301F-11D3-BF4B-00C04F79EFBC}") = "RecipeRepo.Integrations.Tests", "RecipeRepo.Integrations.Tests\RecipeRepo.Integrations.Tests.csproj", "{D9C40E08-68B4-4E18-A722-4B880307F777}"
EndProject
Project("{FAE04EC0-301F-11D3-BF4B-00C04F79EFBC}") = "RecipeRepo.Common", "RecipeRepo.Common\RecipeRepo.Common.csproj", "{5F095EC7-1C8A-48DB-A05C-C315F126BC00}"
EndProject
Global
	GlobalSection(SolutionConfigurationPlatforms) = preSolution
		Debug|Any CPU = Debug|Any CPU
		Release|Any CPU = Release|Any CPU
	EndGlobalSection
	GlobalSection(ProjectConfigurationPlatforms) = postSolution
		{48F7B718-17F0-4BAB-9357-1B3C0B75DC08}.Debug|Any CPU.ActiveCfg = Debug|Any CPU
		{48F7B718-17F0-4BAB-9357-1B3C0B75DC08}.Debug|Any CPU.Build.0 = Debug|Any CPU
		{48F7B718-17F0-4BAB-9357-1B3C0B75DC08}.Release|Any CPU.ActiveCfg = Release|Any CPU
		{48F7B718-17F0-4BAB-9357-1B3C0B75DC08}.Release|Any CPU.Build.0 = Release|Any CPU
		{7D3C676E-E11C-45C4-9680-A57141F935DC}.Debug|Any CPU.ActiveCfg = Debug|Any CPU
		{7D3C676E-E11C-45C4-9680-A57141F935DC}.Debug|Any CPU.Build.0 = Debug|Any CPU
		{7D3C676E-E11C-45C4-9680-A57141F935DC}.Release|Any CPU.ActiveCfg = Release|Any CPU
		{7D3C676E-E11C-45C4-9680-A57141F935DC}.Release|Any CPU.Build.0 = Release|Any CPU
		{34A0B510-A613-418F-8A3E-9FD96C85844A}.Debug|Any CPU.ActiveCfg = Debug|Any CPU
		{34A0B510-A613-418F-8A3E-9FD96C85844A}.Debug|Any CPU.Build.0 = Debug|Any CPU
		{34A0B510-A613-418F-8A3E-9FD96C85844A}.Release|Any CPU.ActiveCfg = Release|Any CPU
		{34A0B510-A613-418F-8A3E-9FD96C85844A}.Release|Any CPU.Build.0 = Release|Any CPU
		{D9C40E08-68B4-4E18-A722-4B880307F777}.Debug|Any CPU.ActiveCfg = Debug|Any CPU
		{D9C40E08-68B4-4E18-A722-4B880307F777}.Debug|Any CPU.Build.0 = Debug|Any CPU
		{D9C40E08-68B4-4E18-A722-4B880307F777}.Release|Any CPU.ActiveCfg = Release|Any CPU
		{D9C40E08-68B4-4E18-A722-4B880307F777}.Release|Any CPU.Build.0 = Release|Any CPU
		{5F095EC7-1C8A-48DB-A05C-C315F126BC00}.Debug|Any CPU.ActiveCfg = Debug|Any CPU
		{5F095EC7-1C8A-48DB-A05C-C315F126BC00}.Debug|Any CPU.Build.0 = Debug|Any CPU
		{5F095EC7-1C8A-48DB-A05C-C315F126BC00}.Release|Any CPU.ActiveCfg = Release|Any CPU
		{5F095EC7-1C8A-48DB-A05C-C315F126BC00}.Release|Any CPU.Build.0 = Release|Any CPU
	EndGlobalSection
	GlobalSection(SolutionProperties) = preSolution
		HideSolutionNode = FALSE
	EndGlobalSection
EndGlobal
