
Microsoft Visual Studio Solution File, Format Version 12.00
# Visual Studio 2012
Project("{FAE04EC0-301F-11D3-BF4B-00C04F79EFBC}") = "RecipeRepo.Api", "RecipeRepo\RecipeRepo.Api.csproj", "{3D4E6997-403D-41E3-9C4B-850F6A49F015}"
EndProject
Project("{FAE04EC0-301F-11D3-BF4B-00C04F79EFBC}") = "RecipeRepo.Tests", "RecipeRepo.Tests\RecipeRepo.Tests.csproj", "{1463FE6A-0C02-49EB-8529-E4B9F2B82585}"
EndProject
Global
	GlobalSection(SolutionConfigurationPlatforms) = preSolution
		Debug|Any CPU = Debug|Any CPU
		Release|Any CPU = Release|Any CPU
	EndGlobalSection
	GlobalSection(ProjectConfigurationPlatforms) = postSolution
		{3D4E6997-403D-41E3-9C4B-850F6A49F015}.Debug|Any CPU.ActiveCfg = Debug|Any CPU
		{3D4E6997-403D-41E3-9C4B-850F6A49F015}.Debug|Any CPU.Build.0 = Debug|Any CPU
		{3D4E6997-403D-41E3-9C4B-850F6A49F015}.Release|Any CPU.ActiveCfg = Release|Any CPU
		{3D4E6997-403D-41E3-9C4B-850F6A49F015}.Release|Any CPU.Build.0 = Release|Any CPU
		{1463FE6A-0C02-49EB-8529-E4B9F2B82585}.Debug|Any CPU.ActiveCfg = Debug|Any CPU
		{1463FE6A-0C02-49EB-8529-E4B9F2B82585}.Debug|Any CPU.Build.0 = Debug|Any CPU
		{1463FE6A-0C02-49EB-8529-E4B9F2B82585}.Release|Any CPU.ActiveCfg = Release|Any CPU
		{1463FE6A-0C02-49EB-8529-E4B9F2B82585}.Release|Any CPU.Build.0 = Release|Any CPU
	EndGlobalSection
	GlobalSection(SolutionProperties) = preSolution
		HideSolutionNode = FALSE
	EndGlobalSection
EndGlobal
